
Microsoft Visual Studio Solution File, Format Version 12.00
# Visual Studio Version 17
VisualStudioVersion = 17.8.34525.116
MinimumVisualStudioVersion = 10.0.40219.1
Project("{FAE04EC0-301F-11D3-BF4B-00C04F79EFBC}") = "AppsDevWhispering", "AppsDevWhispering\AppsDevWhispering.csproj", "{BFC4AD2F-A927-4D0D-A363-AA7F57B03A60}"
EndProject
Global
	GlobalSection(SolutionConfigurationPlatforms) = preSolution
		Debug|Any CPU = Debug|Any CPU
		Release|Any CPU = Release|Any CPU
	EndGlobalSection
	GlobalSection(ProjectConfigurationPlatforms) = postSolution
		{BFC4AD2F-A927-4D0D-A363-AA7F57B03A60}.Debug|Any CPU.ActiveCfg = Debug|Any CPU
		{BFC4AD2F-A927-4D0D-A363-AA7F57B03A60}.Debug|Any CPU.Build.0 = Debug|Any CPU
		{BFC4AD2F-A927-4D0D-A363-AA7F57B03A60}.Release|Any CPU.ActiveCfg = Release|Any CPU
		{BFC4AD2F-A927-4D0D-A363-AA7F57B03A60}.Release|Any CPU.Build.0 = Release|Any CPU
	EndGlobalSection
	GlobalSection(SolutionProperties) = preSolution
		HideSolutionNode = FALSE
	EndGlobalSection
	GlobalSection(ExtensibilityGlobals) = postSolution
		SolutionGuid = {3DDA672E-DA04-4AFB-9C2F-2A2E38712C4A}
	EndGlobalSection
EndGlobal
